
Microsoft Visual Studio Solution File, Format Version 12.00
# Visual Studio 15
VisualStudioVersion = 15.0.27004.2002
MinimumVisualStudioVersion = 10.0.40219.1
Project("{FAE04EC0-301F-11D3-BF4B-00C04F79EFBC}") = "LemonWayWS", "LemonWayWS\LemonWayWS.csproj", "{A015B715-C053-4F2C-8489-214586B0288F}"
EndProject
Project("{FAE04EC0-301F-11D3-BF4B-00C04F79EFBC}") = "LemonWayWS.Tests", "LemonWayWS.Tests\LemonWayWS.Tests.csproj", "{61E65CEF-3580-4ACC-8B9B-D1E4DA664B04}"
EndProject
Project("{FAE04EC0-301F-11D3-BF4B-00C04F79EFBC}") = "Tools", "BLL\BLL\Tools.csproj", "{3ABF2688-3961-4BAC-96B8-B56879DADA94}"
EndProject
Project("{FAE04EC0-301F-11D3-BF4B-00C04F79EFBC}") = "WindowsFormsCaller", "WindowsFormsCaller\WindowsFormsCaller.csproj", "{E1924927-F214-436E-84D2-08A71D5FF7F7}"
	ProjectSection(ProjectDependencies) = postProject
		{A015B715-C053-4F2C-8489-214586B0288F} = {A015B715-C053-4F2C-8489-214586B0288F}
	EndProjectSection
EndProject
Global
	GlobalSection(SolutionConfigurationPlatforms) = preSolution
		Debug|Any CPU = Debug|Any CPU
		Release|Any CPU = Release|Any CPU
	EndGlobalSection
	GlobalSection(ProjectConfigurationPlatforms) = postSolution
		{A015B715-C053-4F2C-8489-214586B0288F}.Debug|Any CPU.ActiveCfg = Debug|Any CPU
		{A015B715-C053-4F2C-8489-214586B0288F}.Debug|Any CPU.Build.0 = Debug|Any CPU
		{A015B715-C053-4F2C-8489-214586B0288F}.Release|Any CPU.ActiveCfg = Release|Any CPU
		{A015B715-C053-4F2C-8489-214586B0288F}.Release|Any CPU.Build.0 = Release|Any CPU
		{61E65CEF-3580-4ACC-8B9B-D1E4DA664B04}.Debug|Any CPU.ActiveCfg = Debug|Any CPU
		{61E65CEF-3580-4ACC-8B9B-D1E4DA664B04}.Debug|Any CPU.Build.0 = Debug|Any CPU
		{61E65CEF-3580-4ACC-8B9B-D1E4DA664B04}.Release|Any CPU.ActiveCfg = Release|Any CPU
		{61E65CEF-3580-4ACC-8B9B-D1E4DA664B04}.Release|Any CPU.Build.0 = Release|Any CPU
		{3ABF2688-3961-4BAC-96B8-B56879DADA94}.Debug|Any CPU.ActiveCfg = Debug|Any CPU
		{3ABF2688-3961-4BAC-96B8-B56879DADA94}.Debug|Any CPU.Build.0 = Debug|Any CPU
		{3ABF2688-3961-4BAC-96B8-B56879DADA94}.Release|Any CPU.ActiveCfg = Release|Any CPU
		{3ABF2688-3961-4BAC-96B8-B56879DADA94}.Release|Any CPU.Build.0 = Release|Any CPU
		{E1924927-F214-436E-84D2-08A71D5FF7F7}.Debug|Any CPU.ActiveCfg = Debug|Any CPU
		{E1924927-F214-436E-84D2-08A71D5FF7F7}.Debug|Any CPU.Build.0 = Debug|Any CPU
		{E1924927-F214-436E-84D2-08A71D5FF7F7}.Release|Any CPU.ActiveCfg = Release|Any CPU
		{E1924927-F214-436E-84D2-08A71D5FF7F7}.Release|Any CPU.Build.0 = Release|Any CPU
	EndGlobalSection
	GlobalSection(SolutionProperties) = preSolution
		HideSolutionNode = FALSE
	EndGlobalSection
	GlobalSection(ExtensibilityGlobals) = postSolution
		SolutionGuid = {85CE2023-1607-4876-B619-2003434FC8CF}
	EndGlobalSection
EndGlobal
